
Microsoft Visual Studio Solution File, Format Version 12.00
# Visual Studio Version 16
VisualStudioVersion = 16.0.29728.190
MinimumVisualStudioVersion = 10.0.40219.1
Project("{FAE04EC0-301F-11D3-BF4B-00C04F79EFBC}") = "DlcCheck", "DlcCheck\DlcCheck.csproj", "{D49ED826-8657-401A-A668-E1D215AF59D0}"
EndProject
Project("{9A19103F-16F7-4668-BE54-9A1E7A4F7556}") = "TruckLib", "..\TruckLib\TruckLib\TruckLib.csproj", "{18356B73-237C-4098-BC5C-A3F49CBD1FC4}"
EndProject
Global
	GlobalSection(SolutionConfigurationPlatforms) = preSolution
		Debug|Any CPU = Debug|Any CPU
		Release|Any CPU = Release|Any CPU
	EndGlobalSection
	GlobalSection(ProjectConfigurationPlatforms) = postSolution
		{D49ED826-8657-401A-A668-E1D215AF59D0}.Debug|Any CPU.ActiveCfg = Debug|Any CPU
		{D49ED826-8657-401A-A668-E1D215AF59D0}.Debug|Any CPU.Build.0 = Debug|Any CPU
		{D49ED826-8657-401A-A668-E1D215AF59D0}.Release|Any CPU.ActiveCfg = Release|Any CPU
		{D49ED826-8657-401A-A668-E1D215AF59D0}.Release|Any CPU.Build.0 = Release|Any CPU
		{18356B73-237C-4098-BC5C-A3F49CBD1FC4}.Debug|Any CPU.ActiveCfg = Debug|Any CPU
		{18356B73-237C-4098-BC5C-A3F49CBD1FC4}.Debug|Any CPU.Build.0 = Debug|Any CPU
		{18356B73-237C-4098-BC5C-A3F49CBD1FC4}.Release|Any CPU.ActiveCfg = Release|Any CPU
		{18356B73-237C-4098-BC5C-A3F49CBD1FC4}.Release|Any CPU.Build.0 = Release|Any CPU
	EndGlobalSection
	GlobalSection(SolutionProperties) = preSolution
		HideSolutionNode = FALSE
	EndGlobalSection
	GlobalSection(ExtensibilityGlobals) = postSolution
		SolutionGuid = {85BEB0CF-29ED-48B3-852D-0F119A1EAC9F}
	EndGlobalSection
EndGlobal
